
Microsoft Visual Studio Solution File, Format Version 12.00
# Visual Studio Version 17
VisualStudioVersion = 17.9.34616.47
MinimumVisualStudioVersion = 10.0.40219.1
Project("{FAE04EC0-301F-11D3-BF4B-00C04F79EFBC}") = "Fit", "Fit.csproj", "{26673B6F-7E32-4D5A-8C48-90F945B36FAD}"
EndProject
Project("{FAE04EC0-301F-11D3-BF4B-00C04F79EFBC}") = "Fit.Tests", "..\Fit.Tests\Fit.Tests.csproj", "{C95478C8-2FD9-455D-8B38-FBB41C095A26}"
EndProject
Global
	GlobalSection(SolutionConfigurationPlatforms) = preSolution
		Debug|Any CPU = Debug|Any CPU
		Release|Any CPU = Release|Any CPU
	EndGlobalSection
	GlobalSection(ProjectConfigurationPlatforms) = postSolution
		{26673B6F-7E32-4D5A-8C48-90F945B36FAD}.Debug|Any CPU.ActiveCfg = Debug|Any CPU
		{26673B6F-7E32-4D5A-8C48-90F945B36FAD}.Debug|Any CPU.Build.0 = Debug|Any CPU
		{26673B6F-7E32-4D5A-8C48-90F945B36FAD}.Release|Any CPU.ActiveCfg = Release|Any CPU
		{26673B6F-7E32-4D5A-8C48-90F945B36FAD}.Release|Any CPU.Build.0 = Release|Any CPU
		{C95478C8-2FD9-455D-8B38-FBB41C095A26}.Debug|Any CPU.ActiveCfg = Debug|Any CPU
		{C95478C8-2FD9-455D-8B38-FBB41C095A26}.Debug|Any CPU.Build.0 = Debug|Any CPU
		{C95478C8-2FD9-455D-8B38-FBB41C095A26}.Release|Any CPU.ActiveCfg = Release|Any CPU
		{C95478C8-2FD9-455D-8B38-FBB41C095A26}.Release|Any CPU.Build.0 = Release|Any CPU
	EndGlobalSection
	GlobalSection(SolutionProperties) = preSolution
		HideSolutionNode = FALSE
	EndGlobalSection
	GlobalSection(ExtensibilityGlobals) = postSolution
		SolutionGuid = {5DAD3B2F-7AC4-4682-BD5C-E4A6744D89C7}
	EndGlobalSection
EndGlobal
